
Microsoft Visual Studio Solution File, Format Version 12.00
# Visual Studio Version 17
VisualStudioVersion = 17.5.002.0
MinimumVisualStudioVersion = 10.0.40219.1
Project("{9A19103F-16F7-4668-BE54-9A1E7A4F7556}") = "GithubChangelog", "GithubChangelog.csproj", "{6522A043-B0CC-4786-B9A8-B3C1A7D21A7D}"
EndProject
Global
	GlobalSection(SolutionConfigurationPlatforms) = preSolution
		Debug|Any CPU = Debug|Any CPU
		Release|Any CPU = Release|Any CPU
	EndGlobalSection
	GlobalSection(ProjectConfigurationPlatforms) = postSolution
		{6522A043-B0CC-4786-B9A8-B3C1A7D21A7D}.Debug|Any CPU.ActiveCfg = Debug|Any CPU
		{6522A043-B0CC-4786-B9A8-B3C1A7D21A7D}.Debug|Any CPU.Build.0 = Debug|Any CPU
		{6522A043-B0CC-4786-B9A8-B3C1A7D21A7D}.Release|Any CPU.ActiveCfg = Release|Any CPU
		{6522A043-B0CC-4786-B9A8-B3C1A7D21A7D}.Release|Any CPU.Build.0 = Release|Any CPU
	EndGlobalSection
	GlobalSection(SolutionProperties) = preSolution
		HideSolutionNode = FALSE
	EndGlobalSection
	GlobalSection(ExtensibilityGlobals) = postSolution
		SolutionGuid = {C5127D2A-A9C7-493A-9DD7-5D78A6264FE5}
	EndGlobalSection
EndGlobal
